// !$*UTF8*$!
{
	archiveVersion = 1;
	classes = {
	};
	objectVersion = 55;
	objects = {

/* Begin PBXBuildFile section */
		421E3FA7278A911B0042C14C /* ImageSaver.swift in Sources */ = {isa = PBXBuildFile; fileRef = 421E3FA6278A911B0042C14C /* ImageSaver.swift */; };
		42344F4227894A54000CE620 /* ProspectsApp.swift in Sources */ = {isa = PBXBuildFile; fileRef = 42344F4127894A54000CE620 /* ProspectsApp.swift */; };
		42344F4427894A54000CE620 /* ContentView.swift in Sources */ = {isa = PBXBuildFile; fileRef = 42344F4327894A54000CE620 /* ContentView.swift */; };
		42344F4627894A55000CE620 /* Assets.xcassets in Resources */ = {isa = PBXBuildFile; fileRef = 42344F4527894A55000CE620 /* Assets.xcassets */; };
		42344F4927894A55000CE620 /* Preview Assets.xcassets in Resources */ = {isa = PBXBuildFile; fileRef = 42344F4827894A55000CE620 /* Preview Assets.xcassets */; };
		42344F502789549C000CE620 /* DelayUpdater.swift in Sources */ = {isa = PBXBuildFile; fileRef = 42344F4F2789549C000CE620 /* DelayUpdater.swift */; };
		42344F53278983EF000CE620 /* SamplePackage in Frameworks */ = {isa = PBXBuildFile; productRef = 42344F52278983EF000CE620 /* SamplePackage */; };
		42344F5527898605000CE620 /* ProspectsView.swift in Sources */ = {isa = PBXBuildFile; fileRef = 42344F5427898605000CE620 /* ProspectsView.swift */; };
		42344F5727898611000CE620 /* MeView.swift in Sources */ = {isa = PBXBuildFile; fileRef = 42344F5627898611000CE620 /* MeView.swift */; };
		42344F5927899E4E000CE620 /* Prospect.swift in Sources */ = {isa = PBXBuildFile; fileRef = 42344F5827899E4E000CE620 /* Prospect.swift */; };
		42344F5C2789ACCE000CE620 /* CodeScanner in Frameworks */ = {isa = PBXBuildFile; productRef = 42344F5B2789ACCE000CE620 /* CodeScanner */; };
/* End PBXBuildFile section */

/* Begin PBXFileReference section */
		421E3FA6278A911B0042C14C /* ImageSaver.swift */ = {isa = PBXFileReference; lastKnownFileType = sourcecode.swift; path = ImageSaver.swift; sourceTree = "<group>"; };
		42344F3E27894A54000CE620 /* Prospects.app */ = {isa = PBXFileReference; explicitFileType = wrapper.application; includeInIndex = 0; path = Prospects.app; sourceTree = BUILT_PRODUCTS_DIR; };
		42344F4127894A54000CE620 /* ProspectsApp.swift */ = {isa = PBXFileReference; lastKnownFileType = sourcecode.swift; path = ProspectsApp.swift; sourceTree = "<group>"; };
		42344F4327894A54000CE620 /* ContentView.swift */ = {isa = PBXFileReference; lastKnownFileType = sourcecode.swift; path = ContentView.swift; sourceTree = "<group>"; };
		42344F4527894A55000CE620 /* Assets.xcassets */ = {isa = PBXFileReference; lastKnownFileType = folder.assetcatalog; path = Assets.xcassets; sourceTree = "<group>"; };
		42344F4827894A55000CE620 /* Preview Assets.xcassets */ = {isa = PBXFileReference; lastKnownFileType = folder.assetcatalog; path = "Preview Assets.xcassets"; sourceTree = "<group>"; };
		42344F4F2789549C000CE620 /* DelayUpdater.swift */ = {isa = PBXFileReference; lastKnownFileType = sourcecode.swift; path = DelayUpdater.swift; sourceTree = "<group>"; };
		42344F5427898605000CE620 /* ProspectsView.swift */ = {isa = PBXFileReference; lastKnownFileType = sourcecode.swift; path = ProspectsView.swift; sourceTree = "<group>"; };
		42344F5627898611000CE620 /* MeView.swift */ = {isa = PBXFileReference; lastKnownFileType = sourcecode.swift; path = MeView.swift; sourceTree = "<group>"; };
		42344F5827899E4E000CE620 /* Prospect.swift */ = {isa = PBXFileReference; lastKnownFileType = sourcecode.swift; path = Prospect.swift; sourceTree = "<group>"; };
/* End PBXFileReference section */

/* Begin PBXFrameworksBuildPhase section */
		42344F3B27894A54000CE620 /* Frameworks */ = {
			isa = PBXFrameworksBuildPhase;
			buildActionMask = 2147483647;
			files = (
				42344F5C2789ACCE000CE620 /* CodeScanner in Frameworks */,
				42344F53278983EF000CE620 /* SamplePackage in Frameworks */,
			);
			runOnlyForDeploymentPostprocessing = 0;
		};
/* End PBXFrameworksBuildPhase section */

/* Begin PBXGroup section */
		42344F3527894A54000CE620 = {
			isa = PBXGroup;
			children = (
				42344F4027894A54000CE620 /* Prospects */,
				42344F3F27894A54000CE620 /* Products */,
			);
			sourceTree = "<group>";
		};
		42344F3F27894A54000CE620 /* Products */ = {
			isa = PBXGroup;
			children = (
				42344F3E27894A54000CE620 /* Prospects.app */,
			);
			name = Products;
			sourceTree = "<group>";
		};
		42344F4027894A54000CE620 /* Prospects */ = {
			isa = PBXGroup;
			children = (
				42344F4127894A54000CE620 /* ProspectsApp.swift */,
				42344F4327894A54000CE620 /* ContentView.swift */,
				42344F4527894A55000CE620 /* Assets.xcassets */,
				42344F4727894A55000CE620 /* Preview Content */,
				42344F4F2789549C000CE620 /* DelayUpdater.swift */,
				42344F5427898605000CE620 /* ProspectsView.swift */,
				42344F5627898611000CE620 /* MeView.swift */,
				42344F5827899E4E000CE620 /* Prospect.swift */,
				421E3FA6278A911B0042C14C /* ImageSaver.swift */,
			);
			path = Prospects;
			sourceTree = "<group>";
		};
		42344F4727894A55000CE620 /* Preview Content */ = {
			isa = PBXGroup;
			children = (
				42344F4827894A55000CE620 /* Preview Assets.xcassets */,
			);
			path = "Preview Content";
			sourceTree = "<group>";
		};
/* End PBXGroup section */

/* Begin PBXNativeTarget section */
		42344F3D27894A54000CE620 /* Prospects */ = {
			isa = PBXNativeTarget;
			buildConfigurationList = 42344F4C27894A55000CE620 /* Build configuration list for PBXNativeTarget "Prospects" */;
			buildPhases = (
				42344F3A27894A54000CE620 /* Sources */,
				42344F3B27894A54000CE620 /* Frameworks */,
				42344F3C27894A54000CE620 /* Resources */,
			);
			buildRules = (
			);
			dependencies = (
			);
			name = Prospects;
			packageProductDependencies = (
				42344F52278983EF000CE620 /* SamplePackage */,
				42344F5B2789ACCE000CE620 /* CodeScanner */,
			);
			productName = Prospects;
			productReference = 42344F3E27894A54000CE620 /* Prospects.app */;
			productType = "com.apple.product-type.application";
		};
/* End PBXNativeTarget section */

/* Begin PBXProject section */
		42344F3627894A54000CE620 /* Project object */ = {
			isa = PBXProject;
			attributes = {
				BuildIndependentTargetsInParallel = 1;
				LastSwiftUpdateCheck = 1320;
				LastUpgradeCheck = 1320;
				TargetAttributes = {
					42344F3D27894A54000CE620 = {
						CreatedOnToolsVersion = 13.2.1;
					};
				};
			};
			buildConfigurationList = 42344F3927894A54000CE620 /* Build configuration list for PBXProject "Prospects" */;
			compatibilityVersion = "Xcode 13.0";
			developmentRegion = en;
			hasScannedForEncodings = 0;
			knownRegions = (
				en,
				Base,
			);
			mainGroup = 42344F3527894A54000CE620;
			packageReferences = (
				42344F51278983EF000CE620 /* XCRemoteSwiftPackageReference "SamplePackage" */,
				42344F5A2789ACCE000CE620 /* XCRemoteSwiftPackageReference "CodeScanner" */,
			);
			productRefGroup = 42344F3F27894A54000CE620 /* Products */;
			projectDirPath = "";
			projectRoot = "";
			targets = (
				42344F3D27894A54000CE620 /* Prospects */,
			);
		};
/* End PBXProject section */

/* Begin PBXResourcesBuildPhase section */
		42344F3C27894A54000CE620 /* Resources */ = {
			isa = PBXResourcesBuildPhase;
			buildActionMask = 2147483647;
			files = (
				42344F4927894A55000CE620 /* Preview Assets.xcassets in Resources */,
				42344F4627894A55000CE620 /* Assets.xcassets in Resources */,
			);
			runOnlyForDeploymentPostprocessing = 0;
		};
/* End PBXResourcesBuildPhase section */

/* Begin PBXSourcesBuildPhase section */
		42344F3A27894A54000CE620 /* Sources */ = {
			isa = PBXSourcesBuildPhase;
			buildActionMask = 2147483647;
			files = (
				42344F5527898605000CE620 /* ProspectsView.swift in Sources */,
				42344F5927899E4E000CE620 /* Prospect.swift in Sources */,
				42344F4427894A54000CE620 /* ContentView.swift in Sources */,
				421E3FA7278A911B0042C14C /* ImageSaver.swift in Sources */,
				42344F4227894A54000CE620 /* ProspectsApp.swift in Sources */,
				42344F502789549C000CE620 /* DelayUpdater.swift in Sources */,
				42344F5727898611000CE620 /* MeView.swift in Sources */,
			);
			runOnlyForDeploymentPostprocessing = 0;
		};
/* End PBXSourcesBuildPhase section */

/* Begin XCBuildConfiguration section */
		42344F4A27894A55000CE620 /* Debug */ = {
			isa = XCBuildConfiguration;
			buildSettings = {
				ALWAYS_SEARCH_USER_PATHS = NO;
				CLANG_ANALYZER_NONNULL = YES;
				CLANG_ANALYZER_NUMBER_OBJECT_CONVERSION = YES_AGGRESSIVE;
				CLANG_CXX_LANGUAGE_STANDARD = "gnu++17";
				CLANG_CXX_LIBRARY = "libc++";
				CLANG_ENABLE_MODULES = YES;
				CLANG_ENABLE_OBJC_ARC = YES;
				CLANG_ENABLE_OBJC_WEAK = YES;
				CLANG_WARN_BLOCK_CAPTURE_AUTORELEASING = YES;
				CLANG_WARN_BOOL_CONVERSION = YES;
				CLANG_WARN_COMMA = YES;
				CLANG_WARN_CONSTANT_CONVERSION = YES;
				CLANG_WARN_DEPRECATED_OBJC_IMPLEMENTATIONS = YES;
				CLANG_WARN_DIRECT_OBJC_ISA_USAGE = YES_ERROR;
				CLANG_WARN_DOCUMENTATION_COMMENTS = YES;
				CLANG_WARN_EMPTY_BODY = YES;
				CLANG_WARN_ENUM_CONVERSION = YES;
				CLANG_WARN_INFINITE_RECURSION = YES;
				CLANG_WARN_INT_CONVERSION = YES;
				CLANG_WARN_NON_LITERAL_NULL_CONVERSION = YES;
				CLANG_WARN_OBJC_IMPLICIT_RETAIN_SELF = YES;
				CLANG_WARN_OBJC_LITERAL_CONVERSION = YES;
				CLANG_WARN_OBJC_ROOT_CLASS = YES_ERROR;
				CLANG_WARN_QUOTED_INCLUDE_IN_FRAMEWORK_HEADER = YES;
				CLANG_WARN_RANGE_LOOP_ANALYSIS = YES;
				CLANG_WARN_STRICT_PROTOTYPES = YES;
				CLANG_WARN_SUSPICIOUS_MOVE = YES;
				CLANG_WARN_UNGUARDED_AVAILABILITY = YES_AGGRESSIVE;
				CLANG_WARN_UNREACHABLE_CODE = YES;
				CLANG_WARN__DUPLICATE_METHOD_MATCH = YES;
				COPY_PHASE_STRIP = NO;
				DEBUG_INFORMATION_FORMAT = dwarf;
				ENABLE_STRICT_OBJC_MSGSEND = YES;
				ENABLE_TESTABILITY = YES;
				GCC_C_LANGUAGE_STANDARD = gnu11;
				GCC_DYNAMIC_NO_PIC = NO;
				GCC_NO_COMMON_BLOCKS = YES;
				GCC_OPTIMIZATION_LEVEL = 0;
				GCC_PREPROCESSOR_DEFINITIONS = (
					"DEBUG=1",
					"$(inherited)",
				);
				GCC_WARN_64_TO_32_BIT_CONVERSION = YES;
				GCC_WARN_ABOUT_RETURN_TYPE = YES_ERROR;
				GCC_WARN_UNDECLARED_SELECTOR = YES;
				GCC_WARN_UNINITIALIZED_AUTOS = YES_AGGRESSIVE;
				GCC_WARN_UNUSED_FUNCTION = YES;
				GCC_WARN_UNUSED_VARIABLE = YES;
				IPHONEOS_DEPLOYMENT_TARGET = 15.2;
				MTL_ENABLE_DEBUG_INFO = INCLUDE_SOURCE;
				MTL_FAST_MATH = YES;
				ONLY_ACTIVE_ARCH = YES;
				SDKROOT = iphoneos;
				SWIFT_ACTIVE_COMPILATION_CONDITIONS = DEBUG;
				SWIFT_OPTIMIZATION_LEVEL = "-Onone";
			};
			name = Debug;
		};
		42344F4B27894A55000CE620 /* Release */ = {
			isa = XCBuildConfiguration;
			buildSettings = {
				ALWAYS_SEARCH_USER_PATHS = NO;
				CLANG_ANALYZER_NONNULL = YES;
				CLANG_ANALYZER_NUMBER_OBJECT_CONVERSION = YES_AGGRESSIVE;
				CLANG_CXX_LANGUAGE_STANDARD = "gnu++17";
				CLANG_CXX_LIBRARY = "libc++";
				CLANG_ENABLE_MODULES = YES;
				CLANG_ENABLE_OBJC_ARC = YES;
				CLANG_ENABLE_OBJC_WEAK = YES;
				CLANG_WARN_BLOCK_CAPTURE_AUTORELEASING = YES;
				CLANG_WARN_BOOL_CONVERSION = YES;
				CLANG_WARN_COMMA = YES;
				CLANG_WARN_CONSTANT_CONVERSION = YES;
				CLANG_WARN_DEPRECATED_OBJC_IMPLEMENTATIONS = YES;
				CLANG_WARN_DIRECT_OBJC_ISA_USAGE = YES_ERROR;
				CLANG_WARN_DOCUMENTATION_COMMENTS = YES;
				CLANG_WARN_EMPTY_BODY = YES;
				CLANG_WARN_ENUM_CONVERSION = YES;
				CLANG_WARN_INFINITE_RECURSION = YES;
				CLANG_WARN_INT_CONVERSION = YES;
				CLANG_WARN_NON_LITERAL_NULL_CONVERSION = YES;
				CLANG_WARN_OBJC_IMPLICIT_RETAIN_SELF = YES;
				CLANG_WARN_OBJC_LITERAL_CONVERSION = YES;
				CLANG_WARN_OBJC_ROOT_CLASS = YES_ERROR;
				CLANG_WARN_QUOTED_INCLUDE_IN_FRAMEWORK_HEADER = YES;
				CLANG_WARN_RANGE_LOOP_ANALYSIS = YES;
				CLANG_WARN_STRICT_PROTOTYPES = YES;
				CLANG_WARN_SUSPICIOUS_MOVE = YES;
				CLANG_WARN_UNGUARDED_AVAILABILITY = YES_AGGRESSIVE;
				CLANG_WARN_UNREACHABLE_CODE = YES;
				CLANG_WARN__DUPLICATE_METHOD_MATCH = YES;
				COPY_PHASE_STRIP = NO;
				DEBUG_INFORMATION_FORMAT = "dwarf-with-dsym";
				ENABLE_NS_ASSERTIONS = NO;
				ENABLE_STRICT_OBJC_MSGSEND = YES;
				GCC_C_LANGUAGE_STANDARD = gnu11;
				GCC_NO_COMMON_BLOCKS = YES;
				GCC_WARN_64_TO_32_BIT_CONVERSION = YES;
				GCC_WARN_ABOUT_RETURN_TYPE = YES_ERROR;
				GCC_WARN_UNDECLARED_SELECTOR = YES;
				GCC_WARN_UNINITIALIZED_AUTOS = YES_AGGRESSIVE;
				GCC_WARN_UNUSED_FUNCTION = YES;
				GCC_WARN_UNUSED_VARIABLE = YES;
				IPHONEOS_DEPLOYMENT_TARGET = 15.2;
				MTL_ENABLE_DEBUG_INFO = NO;
				MTL_FAST_MATH = YES;
				SDKROOT = iphoneos;
				SWIFT_COMPILATION_MODE = wholemodule;
				SWIFT_OPTIMIZATION_LEVEL = "-O";
				VALIDATE_PRODUCT = YES;
			};
			name = Release;
		};
		42344F4D27894A55000CE620 /* Debug */ = {
			isa = XCBuildConfiguration;
			buildSettings = {
				ASSETCATALOG_COMPILER_APPICON_NAME = AppIcon;
				ASSETCATALOG_COMPILER_GLOBAL_ACCENT_COLOR_NAME = AccentColor;
				CODE_SIGN_STYLE = Automatic;
				CURRENT_PROJECT_VERSION = 1;
				DEVELOPMENT_ASSET_PATHS = "\"Prospects/Preview Content\"";
				DEVELOPMENT_TEAM = XLS842JFZV;
				ENABLE_PREVIEWS = YES;
				GENERATE_INFOPLIST_FILE = YES;
				INFOPLIST_KEY_NSCameraUsageDescription = "We need to scan QR codes";
				INFOPLIST_KEY_NSPhotoLibraryAddUsageDescription = "We want to save your QR code.";
				INFOPLIST_KEY_UIApplicationSceneManifest_Generation = YES;
				INFOPLIST_KEY_UIApplicationSupportsIndirectInputEvents = YES;
				INFOPLIST_KEY_UILaunchScreen_Generation = YES;
				INFOPLIST_KEY_UISupportedInterfaceOrientations_iPad = "UIInterfaceOrientationPortrait UIInterfaceOrientationPortraitUpsideDown UIInterfaceOrientationLandscapeLeft UIInterfaceOrientationLandscapeRight";
				INFOPLIST_KEY_UISupportedInterfaceOrientations_iPhone = "UIInterfaceOrientationPortrait UIInterfaceOrientationLandscapeLeft UIInterfaceOrientationLandscapeRight";
				LD_RUNPATH_SEARCH_PATHS = (
					"$(inherited)",
					"@executable_path/Frameworks",
				);
				MARKETING_VERSION = 1.0;
				PRODUCT_BUNDLE_IDENTIFIER = "Mr.-Beast.Prospects";
				PRODUCT_NAME = "$(TARGET_NAME)";
				SWIFT_EMIT_LOC_STRINGS = YES;
				SWIFT_VERSION = 5.0;
				TARGETED_DEVICE_FAMILY = "1,2";
			};
			name = Debug;
		};
		42344F4E27894A55000CE620 /* Release */ = {
			isa = XCBuildConfiguration;
			buildSettings = {
				ASSETCATALOG_COMPILER_APPICON_NAME = AppIcon;
				ASSETCATALOG_COMPILER_GLOBAL_ACCENT_COLOR_NAME = AccentColor;
				CODE_SIGN_STYLE = Automatic;
				CURRENT_PROJECT_VERSION = 1;
				DEVELOPMENT_ASSET_PATHS = "\"Prospects/Preview Content\"";
				DEVELOPMENT_TEAM = XLS842JFZV;
				ENABLE_PREVIEWS = YES;
				GENERATE_INFOPLIST_FILE = YES;
				INFOPLIST_KEY_NSCameraUsageDescription = "We need to scan QR codes";
				INFOPLIST_KEY_NSPhotoLibraryAddUsageDescription = "We want to save your QR code.";
				INFOPLIST_KEY_UIApplicationSceneManifest_Generation = YES;
				INFOPLIST_KEY_UIApplicationSupportsIndirectInputEvents = YES;
				INFOPLIST_KEY_UILaunchScreen_Generation = YES;
				INFOPLIST_KEY_UISupportedInterfaceOrientations_iPad = "UIInterfaceOrientationPortrait UIInterfaceOrientationPortraitUpsideDown UIInterfaceOrientationLandscapeLeft UIInterfaceOrientationLandscapeRight";
				INFOPLIST_KEY_UISupportedInterfaceOrientations_iPhone = "UIInterfaceOrientationPortrait UIInterfaceOrientationLandscapeLeft UIInterfaceOrientationLandscapeRight";
				LD_RUNPATH_SEARCH_PATHS = (
					"$(inherited)",
					"@executable_path/Frameworks",
				);
				MARKETING_VERSION = 1.0;
				PRODUCT_BUNDLE_IDENTIFIER = "Mr.-Beast.Prospects";
				PRODUCT_NAME = "$(TARGET_NAME)";
				SWIFT_EMIT_LOC_STRINGS = YES;
				SWIFT_VERSION = 5.0;
				TARGETED_DEVICE_FAMILY = "1,2";
			};
			name = Release;
		};
/* End XCBuildConfiguration section */

/* Begin XCConfigurationList section */
		42344F3927894A54000CE620 /* Build configuration list for PBXProject "Prospects" */ = {
			isa = XCConfigurationList;
			buildConfigurations = (
				42344F4A27894A55000CE620 /* Debug */,
				42344F4B27894A55000CE620 /* Release */,
			);
			defaultConfigurationIsVisible = 0;
			defaultConfigurationName = Release;
		};
		42344F4C27894A55000CE620 /* Build configuration list for PBXNativeTarget "Prospects" */ = {
			isa = XCConfigurationList;
			buildConfigurations = (
				42344F4D27894A55000CE620 /* Debug */,
				42344F4E27894A55000CE620 /* Release */,
			);
			defaultConfigurationIsVisible = 0;
			defaultConfigurationName = Release;
		};
/* End XCConfigurationList section */

/* Begin XCRemoteSwiftPackageReference section */
		42344F51278983EF000CE620 /* XCRemoteSwiftPackageReference "SamplePackage" */ = {
			isa = XCRemoteSwiftPackageReference;
			repositoryURL = "https://github.com/twostraws/SamplePackage";
			requirement = {
				kind = upToNextMajorVersion;
				minimumVersion = 1.0.0;
			};
		};
		42344F5A2789ACCE000CE620 /* XCRemoteSwiftPackageReference "CodeScanner" */ = {
			isa = XCRemoteSwiftPackageReference;
			repositoryURL = "https://github.com/twostraws/CodeScanner";
			requirement = {
				kind = upToNextMajorVersion;
				minimumVersion = 2.0.0;
			};
		};
/* End XCRemoteSwiftPackageReference section */

/* Begin XCSwiftPackageProductDependency section */
		42344F52278983EF000CE620 /* SamplePackage */ = {
			isa = XCSwiftPackageProductDependency;
			package = 42344F51278983EF000CE620 /* XCRemoteSwiftPackageReference "SamplePackage" */;
			productName = SamplePackage;
		};
		42344F5B2789ACCE000CE620 /* CodeScanner */ = {
			isa = XCSwiftPackageProductDependency;
			package = 42344F5A2789ACCE000CE620 /* XCRemoteSwiftPackageReference "CodeScanner" */;
			productName = CodeScanner;
		};
/* End XCSwiftPackageProductDependency section */
	};
	rootObject = 42344F3627894A54000CE620 /* Project object */;
}
